
Microsoft Visual Studio Solution File, Format Version 12.00
# Visual Studio 15
VisualStudioVersion = 15.0.27703.2035
MinimumVisualStudioVersion = 10.0.40219.1
Project("{CC5FD16D-436D-48AD-A40C-5A424C6E3E79}") = "SignalRService", "SignalRService\SignalRService.ccproj", "{91F7B4BC-F539-4C58-B00D-C5B0E5973095}"
EndProject
Project("{FAE04EC0-301F-11D3-BF4B-00C04F79EFBC}") = "WorkerRole1", "WorkerRole1\WorkerRole1.csproj", "{DD95AD7D-2546-41C6-AA81-0C74C85641B2}"
EndProject
Global
	GlobalSection(SolutionConfigurationPlatforms) = preSolution
		Debug|Any CPU = Debug|Any CPU
		Release|Any CPU = Release|Any CPU
	EndGlobalSection
	GlobalSection(ProjectConfigurationPlatforms) = postSolution
		{91F7B4BC-F539-4C58-B00D-C5B0E5973095}.Debug|Any CPU.ActiveCfg = Debug|Any CPU
		{91F7B4BC-F539-4C58-B00D-C5B0E5973095}.Debug|Any CPU.Build.0 = Debug|Any CPU
		{91F7B4BC-F539-4C58-B00D-C5B0E5973095}.Release|Any CPU.ActiveCfg = Release|Any CPU
		{91F7B4BC-F539-4C58-B00D-C5B0E5973095}.Release|Any CPU.Build.0 = Release|Any CPU
		{DD95AD7D-2546-41C6-AA81-0C74C85641B2}.Debug|Any CPU.ActiveCfg = Debug|Any CPU
		{DD95AD7D-2546-41C6-AA81-0C74C85641B2}.Debug|Any CPU.Build.0 = Debug|Any CPU
		{DD95AD7D-2546-41C6-AA81-0C74C85641B2}.Release|Any CPU.ActiveCfg = Release|Any CPU
		{DD95AD7D-2546-41C6-AA81-0C74C85641B2}.Release|Any CPU.Build.0 = Release|Any CPU
	EndGlobalSection
	GlobalSection(SolutionProperties) = preSolution
		HideSolutionNode = FALSE
	EndGlobalSection
	GlobalSection(ExtensibilityGlobals) = postSolution
		SolutionGuid = {A3BADBB1-31E2-43D0-A509-AF15DA800AB1}
	EndGlobalSection
EndGlobal
